<?xml version="1.0" encoding="utf-8"?>
<Project ToolsVersion="4.0" xmlns="http://schemas.microsoft.com/developer/msbuild/2003">
  <ItemGroup>
    <Filter Include="Source Files">
      <UniqueIdentifier>{4FC737F1-C7A5-4376-A066-2A32D752A2FF}</UniqueIdentifier>
      <Extensions>cpp;c;cc;cxx;def;odl;idl;hpj;bat;asm;asmx</Extensions>
    </Filter>
    <Filter Include="Header Files">
      <UniqueIdentifier>{93995380-89BD-4b04-88EB-625FBE52EBFB}</UniqueIdentifier>
      <Extensions>h;hh;hpp;hxx;hm;inl;inc;xsd</Extensions>
    </Filter>
    <Filter Include="Resource Files">
      <UniqueIdentifier>{67DA6AB6-F800-4c08-8B7A-83BB121AAD01}</UniqueIdentifier>
      <Extensions>rc;ico;cur;bmp;dlg;rc2;rct;bin;rgs;gif;jpg;jpeg;jpe;resx;tiff;tif;png;wav;mfcribbon-ms</Extensions>
    </Filter>
    <Filter Include="Header Files\inc">
      <UniqueIdentifier>{fa602fc5-7cf9-45fb-8274-44905e052960}</UniqueIdentifier>
    </Filter>
    <Filter Include="Header Files\inc\Virtualization">
      <UniqueIdentifier>{cb6e23e9-4765-4733-8e52-d8bf31ddc027}</UniqueIdentifier>
    </Filter>
  </ItemGroup>
  <ItemGroup>
    <ClCompile Include="src\idt.c">
      <Filter>Source Files</Filter>
    </ClCompile>
    <ClCompile Include="src\hal.c">
      <Filter>Source Files</Filter>
    </ClCompile>
    <ClCompile Include="src\tss.c">
      <Filter>Source Files</Filter>
    </ClCompile>
    <ClCompile Include="src\gdt.c">
      <Filter>Source Files</Filter>
    </ClCompile>
    <ClCompile Include="src\pci.c">
      <Filter>Source Files</Filter>
    </ClCompile>
    <ClCompile Include="src\pte.c">
      <Filter>Source Files</Filter>
    </ClCompile>
    <ClCompile Include="src\pic.c">
      <Filter>Source Files</Filter>
    </ClCompile>
    <ClCompile Include="src\cmos.c">
      <Filter>Source Files</Filter>
    </ClCompile>
    <ClCompile Include="src\pit.c">
      <Filter>Source Files</Filter>
    </ClCompile>
    <ClCompile Include="src\rtc.c">
      <Filter>Source Files</Filter>
    </ClCompile>
    <ClCompile Include="src\serial.c">
      <Filter>Source Files</Filter>
    </ClCompile>
    <ClCompile Include="src\lapic.c">
      <Filter>Source Files</Filter>
    </ClCompile>
    <ClCompile Include="src\ioapic.c">
      <Filter>Source Files</Filter>
    </ClCompile>
    <ClCompile Include="src\pci_device.c">
      <Filter>Source Files</Filter>
    </ClCompile>
    <ClCompile Include="src\pcie.c">
      <Filter>Source Files</Filter>
    </ClCompile>
    <ClCompile Include="src\vmx.c">
      <Filter>Source Files</Filter>
    </ClCompile>
    <ClCompile Include="src\hw_fpu.c">
      <Filter>Source Files</Filter>
    </ClCompile>
  </ItemGroup>
  <ItemGroup>
    <ClInclude Include="inc\yasm_imports.h">
      <Filter>Header Files\inc</Filter>
    </ClInclude>
    <ClInclude Include="inc\cpu.h">
      <Filter>Header Files\inc</Filter>
    </ClInclude>
    <ClInclude Include="inc\gdt.h">
      <Filter>Header Files\inc</Filter>
    </ClInclude>
    <ClInclude Include="inc\hal.h">
      <Filter>Header Files\inc</Filter>
    </ClInclude>
    <ClInclude Include="inc\idt.h">
      <Filter>Header Files\inc</Filter>
    </ClInclude>
    <ClInclude Include="inc\msr.h">
      <Filter>Header Files\inc</Filter>
    </ClInclude>
    <ClInclude Include="inc\pci.h">
      <Filter>Header Files\inc</Filter>
    </ClInclude>
    <ClInclude Include="inc\pte.h">
      <Filter>Header Files\inc</Filter>
    </ClInclude>
    <ClInclude Include="inc\register.h">
      <Filter>Header Files\inc</Filter>
    </ClInclude>
    <ClInclude Include="inc\tss.h">
      <Filter>Header Files\inc</Filter>
    </ClInclude>
    <ClInclude Include="headers\hal_base.h">
      <Filter>Header Files</Filter>
    </ClInclude>
    <ClInclude Include="inc\mtrr.h">
      <Filter>Header Files\inc</Filter>
    </ClInclude>
    <ClInclude Include="inc\int15.h">
      <Filter>Header Files\inc</Filter>
    </ClInclude>
    <ClInclude Include="inc\pic.h">
      <Filter>Header Files\inc</Filter>
    </ClInclude>
    <ClInclude Include="inc\cmos.h">
      <Filter>Header Files\inc</Filter>
    </ClInclude>
    <ClInclude Include="inc\pit.h">
      <Filter>Header Files\inc</Filter>
    </ClInclude>
    <ClInclude Include="inc\rtc.h">
      <Filter>Header Files\inc</Filter>
    </ClInclude>
    <ClInclude Include="inc\serial.h">
      <Filter>Header Files\inc</Filter>
    </ClInclude>
    <ClInclude Include="inc\lapic.h">
      <Filter>Header Files\inc</Filter>
    </ClInclude>
    <ClInclude Include="headers\lapic_registers.h">
      <Filter>Header Files</Filter>
    </ClInclude>
    <ClInclude Include="inc\apic_common.h">
      <Filter>Header Files\inc</Filter>
    </ClInclude>
    <ClInclude Include="inc\ioapic.h">
      <Filter>Header Files\inc</Filter>
    </ClInclude>
    <ClInclude Include="inc\apic_common.h">
      <Filter>Header Files\inc</Filter>
    </ClInclude>
    <ClInclude Include="headers\ioapic_registers.h">
      <Filter>Header Files</Filter>
    </ClInclude>
    <ClInclude Include="inc\pci_registers.h">
      <Filter>Header Files\inc</Filter>
    </ClInclude>
    <ClInclude Include="inc\pci_device.h">
      <Filter>Header Files\inc</Filter>
    </ClInclude>
    <ClInclude Include="inc\pcie.h">
      <Filter>Header Files\inc</Filter>
    </ClInclude>
    <ClInclude Include="headers\pci_common.h">
      <Filter>Header Files</Filter>
    </ClInclude>
    <ClInclude Include="inc\vmx_exit_reasons.h">
      <Filter>Header Files\inc\Virtualization</Filter>
    </ClInclude>
    <ClInclude Include="inc\vmcs_fields.h">
      <Filter>Header Files\inc\Virtualization</Filter>
    </ClInclude>
    <ClInclude Include="inc\vmx.h">
      <Filter>Header Files\inc\Virtualization</Filter>
    </ClInclude>
    <ClInclude Include="inc\vmx_exit.h">
      <Filter>Header Files\inc\Virtualization</Filter>
    </ClInclude>
    <ClInclude Include="inc\hw_fpu.h">
      <Filter>Header Files\inc</Filter>
    </ClInclude>
    <ClInclude Include="inc\cpuid_leaf.h">
      <Filter>Header Files\inc</Filter>
    </ClInclude>
    <ClInclude Include="inc\cpu_utils.h">
      <Filter>Header Files\inc</Filter>
    </ClInclude>
    <ClInclude Include="inc\cpu_if.h">
      <Filter>Header Files\inc</Filter>
    </ClInclude>
  </ItemGroup>
  <ItemGroup>
    <YASM Include="src\_exports.yasm" />
  </ItemGroup>
</Project>