
Microsoft Visual Studio Solution File, Format Version 12.00
# Visual Studio 14
VisualStudioVersion = 14.0.25420.1
MinimumVisualStudioVersion = 10.0.40219.1
Project("{8BC9CEB8-8B4A-11D0-8D11-00A0C91BC942}") = "HAL9000", "HAL9000\HAL9000.vcxproj", "{79A21DCA-19AF-4F8E-9B83-62D7CF504104}"
	ProjectSection(ProjectDependencies) = postProject
		{642F9F32-68EC-40AD-BAAF-3436DA0B66A8} = {642F9F32-68EC-40AD-BAAF-3436DA0B66A8}
		{9412F640-A271-4661-B437-5932E9B95C26} = {9412F640-A271-4661-B437-5932E9B95C26}
		{CA44C37A-1730-447F-8975-3DF40D559310} = {CA44C37A-1730-447F-8975-3DF40D559310}
		{4DA7677D-D0E7-44EC-B350-F7170E0ED84D} = {4DA7677D-D0E7-44EC-B350-F7170E0ED84D}
		{7E91BC80-DF0A-4DCE-9E99-FAA3ACF429B7} = {7E91BC80-DF0A-4DCE-9E99-FAA3ACF429B7}
		{E990BC83-862E-4E94-ACD2-DED7CD3E8E4A} = {E990BC83-862E-4E94-ACD2-DED7CD3E8E4A}
		{0AAEEAA7-E70D-41BE-ABE4-34FD9449870E} = {0AAEEAA7-E70D-41BE-ABE4-34FD9449870E}
		{02EC2CAD-C1E9-45FB-96AC-27976A9300F1} = {02EC2CAD-C1E9-45FB-96AC-27976A9300F1}
		{0C5EB2D2-DA05-44F7-89CA-A15CB692D608} = {0C5EB2D2-DA05-44F7-89CA-A15CB692D608}
		{F2FB6AEB-E2B7-40D2-9D78-A9913001D8D1} = {F2FB6AEB-E2B7-40D2-9D78-A9913001D8D1}
	EndProjectSection
EndProject
Project("{8BC9CEB8-8B4A-11D0-8D11-00A0C91BC942}") = "HAL", "HAL\HAL.vcxproj", "{0AAEEAA7-E70D-41BE-ABE4-34FD9449870E}"
EndProject
Project("{2150E333-8FDC-42A3-9474-1A3956D46DE8}") = "Filesystems", "Filesystems", "{2EA5AF3B-4CA5-4D96-ADE5-BB8A37081300}"
EndProject
Project("{8BC9CEB8-8B4A-11D0-8D11-00A0C91BC942}") = "FAT32", "FAT32\FAT32.vcxproj", "{4DA7677D-D0E7-44EC-B350-F7170E0ED84D}"
EndProject
Project("{2150E333-8FDC-42A3-9474-1A3956D46DE8}") = "Misc", "Misc", "{0B471868-BE09-4F73-996F-2EAFFDF591CE}"
EndProject
Project("{8BC9CEB8-8B4A-11D0-8D11-00A0C91BC942}") = "PE_Parser", "PE_Parser\PE_Parser.vcxproj", "{E990BC83-862E-4E94-ACD2-DED7CD3E8E4A}"
EndProject
Project("{2150E333-8FDC-42A3-9474-1A3956D46DE8}") = "Networking", "Networking", "{C19D9CBB-A6EF-4497-941B-3A8D1E7928E9}"
EndProject
Project("{8BC9CEB8-8B4A-11D0-8D11-00A0C91BC942}") = "Eth_82574L", "Eth_82574L\Eth_82574L.vcxproj", "{0C5EB2D2-DA05-44F7-89CA-A15CB692D608}"
	ProjectSection(ProjectDependencies) = postProject
		{B4E5D0A0-4316-4FE3-A66B-B2C5E296567F} = {B4E5D0A0-4316-4FE3-A66B-B2C5E296567F}
	EndProjectSection
EndProject
Project("{8BC9CEB8-8B4A-11D0-8D11-00A0C91BC942}") = "NetworkStack", "NetworkStack\NetworkStack.vcxproj", "{9412F640-A271-4661-B437-5932E9B95C26}"
EndProject
Project("{8BC9CEB8-8B4A-11D0-8D11-00A0C91BC942}") = "NetworkPort", "NetworkPort\NetworkPort.vcxproj", "{B4E5D0A0-4316-4FE3-A66B-B2C5E296567F}"
EndProject
Project("{2150E333-8FDC-42A3-9474-1A3956D46DE8}") = "Storage", "Storage", "{9FE0F885-5675-4B1E-B3FB-FEE6C164E1C5}"
EndProject
Project("{8BC9CEB8-8B4A-11D0-8D11-00A0C91BC942}") = "Disk", "Disk\Disk.vcxproj", "{02EC2CAD-C1E9-45FB-96AC-27976A9300F1}"
EndProject
Project("{8BC9CEB8-8B4A-11D0-8D11-00A0C91BC942}") = "Volume", "Volume\Volume.vcxproj", "{642F9F32-68EC-40AD-BAAF-3436DA0B66A8}"
EndProject
Project("{8BC9CEB8-8B4A-11D0-8D11-00A0C91BC942}") = "Ata", "Ata\Ata.vcxproj", "{F2FB6AEB-E2B7-40D2-9D78-A9913001D8D1}"
EndProject
Project("{2150E333-8FDC-42A3-9474-1A3956D46DE8}") = "Utils", "Utils", "{2FF6ADE0-C136-4D36-B9D2-D279A8E79BCC}"
EndProject
Project("{8BC9CEB8-8B4A-11D0-8D11-00A0C91BC942}") = "RunTests", "Utils\RunTests\RunTests.vcxproj", "{291C9D17-6BA7-404F-8664-C60F38E061C7}"
	ProjectSection(ProjectDependencies) = postProject
		{79A21DCA-19AF-4F8E-9B83-62D7CF504104} = {79A21DCA-19AF-4F8E-9B83-62D7CF504104}
	EndProjectSection
EndProject
Project("{8BC9CEB8-8B4A-11D0-8D11-00A0C91BC942}") = "RemoveAllTests", "Utils\RemoveAllTests\RemoveAllTests.vcxproj", "{6CAFB378-993C-4078-B545-9D8636F383DC}"
EndProject
Project("{8BC9CEB8-8B4A-11D0-8D11-00A0C91BC942}") = "CommonLib", "CommonLib\CommonLib.vcxproj", "{CA44C37A-1730-447F-8975-3DF40D559310}"
EndProject
Project("{8BC9CEB8-8B4A-11D0-8D11-00A0C91BC942}") = "SwapFS", "SwapFS\SwapFS.vcxproj", "{7E91BC80-DF0A-4DCE-9E99-FAA3ACF429B7}"
EndProject
Project("{8BC9CEB8-8B4A-11D0-8D11-00A0C91BC942}") = "CommonLibUnitTests", "CommonLibUnitTests\CommonLibUnitTests.vcxproj", "{098EB03E-8151-46DB-9052-5136D9BC14EA}"
	ProjectSection(ProjectDependencies) = postProject
		{CA44C37A-1730-447F-8975-3DF40D559310} = {CA44C37A-1730-447F-8975-3DF40D559310}
	EndProjectSection
EndProject
Global
	GlobalSection(SolutionConfigurationPlatforms) = preSolution
		CommonLibTests|x64 = CommonLibTests|x64
		Threads|x64 = Threads|x64
		Userprog|x64 = Userprog|x64
	EndGlobalSection
	GlobalSection(ProjectConfigurationPlatforms) = postSolution
		{79A21DCA-19AF-4F8E-9B83-62D7CF504104}.CommonLibTests|x64.ActiveCfg = Debug|x64
		{79A21DCA-19AF-4F8E-9B83-62D7CF504104}.CommonLibTests|x64.Build.0 = Debug|x64
		{79A21DCA-19AF-4F8E-9B83-62D7CF504104}.Threads|x64.ActiveCfg = Debug|x64
		{79A21DCA-19AF-4F8E-9B83-62D7CF504104}.Threads|x64.Build.0 = Debug|x64
		{79A21DCA-19AF-4F8E-9B83-62D7CF504104}.Userprog|x64.ActiveCfg = Debug|x64
		{79A21DCA-19AF-4F8E-9B83-62D7CF504104}.Userprog|x64.Build.0 = Debug|x64
		{0AAEEAA7-E70D-41BE-ABE4-34FD9449870E}.CommonLibTests|x64.ActiveCfg = Debug|x64
		{0AAEEAA7-E70D-41BE-ABE4-34FD9449870E}.CommonLibTests|x64.Build.0 = Debug|x64
		{0AAEEAA7-E70D-41BE-ABE4-34FD9449870E}.Threads|x64.ActiveCfg = Debug|x64
		{0AAEEAA7-E70D-41BE-ABE4-34FD9449870E}.Threads|x64.Build.0 = Debug|x64
		{0AAEEAA7-E70D-41BE-ABE4-34FD9449870E}.Userprog|x64.ActiveCfg = Debug|x64
		{0AAEEAA7-E70D-41BE-ABE4-34FD9449870E}.Userprog|x64.Build.0 = Debug|x64
		{4DA7677D-D0E7-44EC-B350-F7170E0ED84D}.CommonLibTests|x64.ActiveCfg = Debug|x64
		{4DA7677D-D0E7-44EC-B350-F7170E0ED84D}.CommonLibTests|x64.Build.0 = Debug|x64
		{4DA7677D-D0E7-44EC-B350-F7170E0ED84D}.Threads|x64.ActiveCfg = Debug|x64
		{4DA7677D-D0E7-44EC-B350-F7170E0ED84D}.Threads|x64.Build.0 = Debug|x64
		{4DA7677D-D0E7-44EC-B350-F7170E0ED84D}.Userprog|x64.ActiveCfg = Debug|x64
		{4DA7677D-D0E7-44EC-B350-F7170E0ED84D}.Userprog|x64.Build.0 = Debug|x64
		{E990BC83-862E-4E94-ACD2-DED7CD3E8E4A}.CommonLibTests|x64.ActiveCfg = Debug|x64
		{E990BC83-862E-4E94-ACD2-DED7CD3E8E4A}.CommonLibTests|x64.Build.0 = Debug|x64
		{E990BC83-862E-4E94-ACD2-DED7CD3E8E4A}.Threads|x64.ActiveCfg = Debug|x64
		{E990BC83-862E-4E94-ACD2-DED7CD3E8E4A}.Threads|x64.Build.0 = Debug|x64
		{E990BC83-862E-4E94-ACD2-DED7CD3E8E4A}.Userprog|x64.ActiveCfg = Debug|x64
		{E990BC83-862E-4E94-ACD2-DED7CD3E8E4A}.Userprog|x64.Build.0 = Debug|x64
		{0C5EB2D2-DA05-44F7-89CA-A15CB692D608}.CommonLibTests|x64.ActiveCfg = Debug|x64
		{0C5EB2D2-DA05-44F7-89CA-A15CB692D608}.CommonLibTests|x64.Build.0 = Debug|x64
		{0C5EB2D2-DA05-44F7-89CA-A15CB692D608}.Threads|x64.ActiveCfg = Debug|x64
		{0C5EB2D2-DA05-44F7-89CA-A15CB692D608}.Threads|x64.Build.0 = Debug|x64
		{0C5EB2D2-DA05-44F7-89CA-A15CB692D608}.Userprog|x64.ActiveCfg = Debug|x64
		{0C5EB2D2-DA05-44F7-89CA-A15CB692D608}.Userprog|x64.Build.0 = Debug|x64
		{9412F640-A271-4661-B437-5932E9B95C26}.CommonLibTests|x64.ActiveCfg = Debug|x64
		{9412F640-A271-4661-B437-5932E9B95C26}.CommonLibTests|x64.Build.0 = Debug|x64
		{9412F640-A271-4661-B437-5932E9B95C26}.Threads|x64.ActiveCfg = Debug|x64
		{9412F640-A271-4661-B437-5932E9B95C26}.Threads|x64.Build.0 = Debug|x64
		{9412F640-A271-4661-B437-5932E9B95C26}.Userprog|x64.ActiveCfg = Debug|x64
		{9412F640-A271-4661-B437-5932E9B95C26}.Userprog|x64.Build.0 = Debug|x64
		{B4E5D0A0-4316-4FE3-A66B-B2C5E296567F}.CommonLibTests|x64.ActiveCfg = Debug|x64
		{B4E5D0A0-4316-4FE3-A66B-B2C5E296567F}.CommonLibTests|x64.Build.0 = Debug|x64
		{B4E5D0A0-4316-4FE3-A66B-B2C5E296567F}.Threads|x64.ActiveCfg = Debug|x64
		{B4E5D0A0-4316-4FE3-A66B-B2C5E296567F}.Threads|x64.Build.0 = Debug|x64
		{B4E5D0A0-4316-4FE3-A66B-B2C5E296567F}.Userprog|x64.ActiveCfg = Debug|x64
		{B4E5D0A0-4316-4FE3-A66B-B2C5E296567F}.Userprog|x64.Build.0 = Debug|x64
		{02EC2CAD-C1E9-45FB-96AC-27976A9300F1}.CommonLibTests|x64.ActiveCfg = Debug|x64
		{02EC2CAD-C1E9-45FB-96AC-27976A9300F1}.CommonLibTests|x64.Build.0 = Debug|x64
		{02EC2CAD-C1E9-45FB-96AC-27976A9300F1}.Threads|x64.ActiveCfg = Debug|x64
		{02EC2CAD-C1E9-45FB-96AC-27976A9300F1}.Threads|x64.Build.0 = Debug|x64
		{02EC2CAD-C1E9-45FB-96AC-27976A9300F1}.Userprog|x64.ActiveCfg = Debug|x64
		{02EC2CAD-C1E9-45FB-96AC-27976A9300F1}.Userprog|x64.Build.0 = Debug|x64
		{642F9F32-68EC-40AD-BAAF-3436DA0B66A8}.CommonLibTests|x64.ActiveCfg = Debug|x64
		{642F9F32-68EC-40AD-BAAF-3436DA0B66A8}.CommonLibTests|x64.Build.0 = Debug|x64
		{642F9F32-68EC-40AD-BAAF-3436DA0B66A8}.Threads|x64.ActiveCfg = Debug|x64
		{642F9F32-68EC-40AD-BAAF-3436DA0B66A8}.Threads|x64.Build.0 = Debug|x64
		{642F9F32-68EC-40AD-BAAF-3436DA0B66A8}.Userprog|x64.ActiveCfg = Debug|x64
		{642F9F32-68EC-40AD-BAAF-3436DA0B66A8}.Userprog|x64.Build.0 = Debug|x64
		{F2FB6AEB-E2B7-40D2-9D78-A9913001D8D1}.CommonLibTests|x64.ActiveCfg = Debug|x64
		{F2FB6AEB-E2B7-40D2-9D78-A9913001D8D1}.CommonLibTests|x64.Build.0 = Debug|x64
		{F2FB6AEB-E2B7-40D2-9D78-A9913001D8D1}.Threads|x64.ActiveCfg = Debug|x64
		{F2FB6AEB-E2B7-40D2-9D78-A9913001D8D1}.Threads|x64.Build.0 = Debug|x64
		{F2FB6AEB-E2B7-40D2-9D78-A9913001D8D1}.Userprog|x64.ActiveCfg = Debug|x64
		{F2FB6AEB-E2B7-40D2-9D78-A9913001D8D1}.Userprog|x64.Build.0 = Debug|x64
		{291C9D17-6BA7-404F-8664-C60F38E061C7}.CommonLibTests|x64.ActiveCfg = Userprog|x64
		{291C9D17-6BA7-404F-8664-C60F38E061C7}.Threads|x64.ActiveCfg = Threads|x64
		{291C9D17-6BA7-404F-8664-C60F38E061C7}.Userprog|x64.ActiveCfg = Userprog|x64
		{6CAFB378-993C-4078-B545-9D8636F383DC}.CommonLibTests|x64.ActiveCfg = Debug|x64
		{6CAFB378-993C-4078-B545-9D8636F383DC}.Threads|x64.ActiveCfg = Debug|x64
		{6CAFB378-993C-4078-B545-9D8636F383DC}.Userprog|x64.ActiveCfg = Debug|x64
		{CA44C37A-1730-447F-8975-3DF40D559310}.CommonLibTests|x64.ActiveCfg = DebugNonNative|x64
		{CA44C37A-1730-447F-8975-3DF40D559310}.CommonLibTests|x64.Build.0 = DebugNonNative|x64
		{CA44C37A-1730-447F-8975-3DF40D559310}.Threads|x64.ActiveCfg = Debug|x64
		{CA44C37A-1730-447F-8975-3DF40D559310}.Threads|x64.Build.0 = Debug|x64
		{CA44C37A-1730-447F-8975-3DF40D559310}.Userprog|x64.ActiveCfg = DebugNoLocks|x64
		{CA44C37A-1730-447F-8975-3DF40D559310}.Userprog|x64.Build.0 = DebugNoLocks|x64
		{7E91BC80-DF0A-4DCE-9E99-FAA3ACF429B7}.CommonLibTests|x64.ActiveCfg = Debug|x64
		{7E91BC80-DF0A-4DCE-9E99-FAA3ACF429B7}.CommonLibTests|x64.Build.0 = Debug|x64
		{7E91BC80-DF0A-4DCE-9E99-FAA3ACF429B7}.Threads|x64.ActiveCfg = Debug|x64
		{7E91BC80-DF0A-4DCE-9E99-FAA3ACF429B7}.Threads|x64.Build.0 = Debug|x64
		{7E91BC80-DF0A-4DCE-9E99-FAA3ACF429B7}.Userprog|x64.ActiveCfg = Debug|x64
		{7E91BC80-DF0A-4DCE-9E99-FAA3ACF429B7}.Userprog|x64.Build.0 = Debug|x64
		{098EB03E-8151-46DB-9052-5136D9BC14EA}.CommonLibTests|x64.ActiveCfg = Debug|x64
		{098EB03E-8151-46DB-9052-5136D9BC14EA}.CommonLibTests|x64.Build.0 = Debug|x64
		{098EB03E-8151-46DB-9052-5136D9BC14EA}.Threads|x64.ActiveCfg = Debug|x64
		{098EB03E-8151-46DB-9052-5136D9BC14EA}.Threads|x64.Build.0 = Debug|x64
		{098EB03E-8151-46DB-9052-5136D9BC14EA}.Userprog|x64.ActiveCfg = Debug|x64
		{098EB03E-8151-46DB-9052-5136D9BC14EA}.Userprog|x64.Build.0 = Debug|x64
	EndGlobalSection
	GlobalSection(SolutionProperties) = preSolution
		HideSolutionNode = FALSE
	EndGlobalSection
	GlobalSection(NestedProjects) = preSolution
		{4DA7677D-D0E7-44EC-B350-F7170E0ED84D} = {2EA5AF3B-4CA5-4D96-ADE5-BB8A37081300}
		{E990BC83-862E-4E94-ACD2-DED7CD3E8E4A} = {0B471868-BE09-4F73-996F-2EAFFDF591CE}
		{0C5EB2D2-DA05-44F7-89CA-A15CB692D608} = {C19D9CBB-A6EF-4497-941B-3A8D1E7928E9}
		{9412F640-A271-4661-B437-5932E9B95C26} = {C19D9CBB-A6EF-4497-941B-3A8D1E7928E9}
		{B4E5D0A0-4316-4FE3-A66B-B2C5E296567F} = {C19D9CBB-A6EF-4497-941B-3A8D1E7928E9}
		{02EC2CAD-C1E9-45FB-96AC-27976A9300F1} = {9FE0F885-5675-4B1E-B3FB-FEE6C164E1C5}
		{642F9F32-68EC-40AD-BAAF-3436DA0B66A8} = {9FE0F885-5675-4B1E-B3FB-FEE6C164E1C5}
		{F2FB6AEB-E2B7-40D2-9D78-A9913001D8D1} = {9FE0F885-5675-4B1E-B3FB-FEE6C164E1C5}
		{291C9D17-6BA7-404F-8664-C60F38E061C7} = {2FF6ADE0-C136-4D36-B9D2-D279A8E79BCC}
		{6CAFB378-993C-4078-B545-9D8636F383DC} = {2FF6ADE0-C136-4D36-B9D2-D279A8E79BCC}
		{7E91BC80-DF0A-4DCE-9E99-FAA3ACF429B7} = {2EA5AF3B-4CA5-4D96-ADE5-BB8A37081300}
	EndGlobalSection
EndGlobal
